// !$*UTF8*$!
{
	archiveVersion = 1;
	classes = {
	};
	objectVersion = 52;
	objects = {

/* Begin PBXBuildFile section */
		CC1F5E4024BFBDD60062B978 /* Disposable.swift in Sources */ = {isa = PBXBuildFile; fileRef = CC1F5E3F24BFBDD60062B978 /* Disposable.swift */; };
		CC1F5E4324BFD2640062B978 /* DisposableTests.swift in Sources */ = {isa = PBXBuildFile; fileRef = CC1F5E4124BFD25D0062B978 /* DisposableTests.swift */; };
		CC1F5E4524C0379B0062B978 /* Point3.swift in Sources */ = {isa = PBXBuildFile; fileRef = CC1F5E4424C0379B0062B978 /* Point3.swift */; };
		CC1F5E4824C0B7FB0062B978 /* Point3Tests.swift in Sources */ = {isa = PBXBuildFile; fileRef = CC1F5E4624C039F50062B978 /* Point3Tests.swift */; };
		CC1F5E4C24C0D2800062B978 /* Weakify.swift in Sources */ = {isa = PBXBuildFile; fileRef = CC1F5E4B24C0D2800062B978 /* Weakify.swift */; };
		CC2ABD0126743E46003C34B7 /* MutableValueReference.swift in Sources */ = {isa = PBXBuildFile; fileRef = CC2ABCFE26743E45003C34B7 /* MutableValueReference.swift */; };
		CC2ABD0326743E46003C34B7 /* MutableArray.swift in Sources */ = {isa = PBXBuildFile; fileRef = CC2ABD0026743E46003C34B7 /* MutableArray.swift */; };
		CC2ABD0926743ED5003C34B7 /* MutableValueReferenceTests.swift in Sources */ = {isa = PBXBuildFile; fileRef = CC2ABD0526743E5B003C34B7 /* MutableValueReferenceTests.swift */; };
		CC2ABD0A26743ED8003C34B7 /* MutableArrayTests.swift in Sources */ = {isa = PBXBuildFile; fileRef = CC2ABD0426743E5B003C34B7 /* MutableArrayTests.swift */; };
		CC2EC25824C0F0E1005FA6E8 /* WeakifyTests.swift in Sources */ = {isa = PBXBuildFile; fileRef = CC2EC25724C0F0E1005FA6E8 /* WeakifyTests.swift */; };
		CC2EC25B24C0FA46005FA6E8 /* Strongify.swift in Sources */ = {isa = PBXBuildFile; fileRef = CC2EC25A24C0FA46005FA6E8 /* Strongify.swift */; };
		CC2EC25D24C10134005FA6E8 /* UnsafeWeakify.swift in Sources */ = {isa = PBXBuildFile; fileRef = CC2EC25C24C10134005FA6E8 /* UnsafeWeakify.swift */; };
		CC2EC25F24C1025B005FA6E8 /* StongifyTests.swift in Sources */ = {isa = PBXBuildFile; fileRef = CC2EC25E24C1025B005FA6E8 /* StongifyTests.swift */; };
		CC2EC26124C10341005FA6E8 /* UnsafeWeakifyTests.swift in Sources */ = {isa = PBXBuildFile; fileRef = CC2EC26024C10341005FA6E8 /* UnsafeWeakifyTests.swift */; };
		CC8CE536267526A1004D999B /* MutableContainerArray.swift in Sources */ = {isa = PBXBuildFile; fileRef = CC8CE535267526A1004D999B /* MutableContainerArray.swift */; };
		CC8CE53826753328004D999B /* Copyable.swift in Sources */ = {isa = PBXBuildFile; fileRef = CC8CE53726753328004D999B /* Copyable.swift */; };
		CC90BC1224AA7CD2002CB53F /* SAKBase.framework in Frameworks */ = {isa = PBXBuildFile; fileRef = CC90BC0924AA7CD1002CB53F /* SAKBase.framework */; };
		CC90BC2024AA7CE2002CB53F /* RealComparisonTests.swift in Sources */ = {isa = PBXBuildFile; fileRef = CCC1C0D223D6B3860027CD2B /* RealComparisonTests.swift */; };
		CC90BC2124AA7CE2002CB53F /* EventTests.swift in Sources */ = {isa = PBXBuildFile; fileRef = CCC1C0D423D6B3860027CD2B /* EventTests.swift */; };
		CC90BC2224AA7CE2002CB53F /* Concurrency.swift in Sources */ = {isa = PBXBuildFile; fileRef = CCC1C0EE23D6CB3F0027CD2B /* Concurrency.swift */; };
		CC90BC2524AA7CE7002CB53F /* Point.swift in Sources */ = {isa = PBXBuildFile; fileRef = CCC1C0B023D6B3550027CD2B /* Point.swift */; };
		CC90BC2724AA7CE7002CB53F /* Stack.swift in Sources */ = {isa = PBXBuildFile; fileRef = CCC1C0AB23D6B3550027CD2B /* Stack.swift */; };
		CC90BC2824AA7CE7002CB53F /* Command.swift in Sources */ = {isa = PBXBuildFile; fileRef = CCC1C0AF23D6B3550027CD2B /* Command.swift */; };
		CC90BC2924AA7CE7002CB53F /* Event.swift in Sources */ = {isa = PBXBuildFile; fileRef = CCC1C0AD23D6B3550027CD2B /* Event.swift */; };
		CC90BC2A24AA7CE7002CB53F /* BindingCommand.swift in Sources */ = {isa = PBXBuildFile; fileRef = CCC1C0AA23D6B3550027CD2B /* BindingCommand.swift */; };
		CC90BC2B24AA7CEC002CB53F /* ProgressReporting.swift in Sources */ = {isa = PBXBuildFile; fileRef = CCC1C0B223D6B3550027CD2B /* ProgressReporting.swift */; };
		CC90BC2C24AA7CEF002CB53F /* Real+Comparison.swift in Sources */ = {isa = PBXBuildFile; fileRef = CCC1C0B423D6B3550027CD2B /* Real+Comparison.swift */; };
		CC90BC2D24AA7CF4002CB53F /* GroupOperation.swift in Sources */ = {isa = PBXBuildFile; fileRef = CCC1C0B723D6B3550027CD2B /* GroupOperation.swift */; };
		CC90BC2E24AA7CF4002CB53F /* PThread.swift in Sources */ = {isa = PBXBuildFile; fileRef = CCC1C0B923D6B3550027CD2B /* PThread.swift */; };
		CC90BC2F24AA7CF4002CB53F /* AsyncOperation.swift in Sources */ = {isa = PBXBuildFile; fileRef = CCC1C0B823D6B3550027CD2B /* AsyncOperation.swift */; };
		CC90BC3024AA7CF4002CB53F /* Lock.swift in Sources */ = {isa = PBXBuildFile; fileRef = CCC1C0B623D6B3550027CD2B /* Lock.swift */; };
		CC90BC3124AA7CF7002CB53F /* String.swift in Sources */ = {isa = PBXBuildFile; fileRef = CCC1C0BC23D6B3550027CD2B /* String.swift */; };
		CC90BC3224AA7CF7002CB53F /* Array.swift in Sources */ = {isa = PBXBuildFile; fileRef = CCC1C0BB23D6B3550027CD2B /* Array.swift */; };
		CC90BC3324AA7CF7002CB53F /* Optional.swift in Sources */ = {isa = PBXBuildFile; fileRef = CCC1C0BD23D6B3550027CD2B /* Optional.swift */; };
		CCA0A4F724BE2C0F007258BA /* StackTests.swift in Sources */ = {isa = PBXBuildFile; fileRef = CCA0A4F624BE2C0F007258BA /* StackTests.swift */; };
		CCA0A4F924BE2C40007258BA /* BindingCommandTests.swift in Sources */ = {isa = PBXBuildFile; fileRef = CCA0A4F824BE2C40007258BA /* BindingCommandTests.swift */; };
		CCA0A4FB24BE2C6B007258BA /* CommandTests.swift in Sources */ = {isa = PBXBuildFile; fileRef = CCA0A4FA24BE2C6B007258BA /* CommandTests.swift */; };
		CCA0A4FD24BE438F007258BA /* PointTests.swift in Sources */ = {isa = PBXBuildFile; fileRef = CCA0A4FC24BE438F007258BA /* PointTests.swift */; };
		CCA0A50024BE5856007258BA /* RealModule in Frameworks */ = {isa = PBXBuildFile; productRef = CCA0A4FF24BE5856007258BA /* RealModule */; };
/* End PBXBuildFile section */

/* Begin PBXContainerItemProxy section */
		CC90BC1324AA7CD2002CB53F /* PBXContainerItemProxy */ = {
			isa = PBXContainerItemProxy;
			containerPortal = CCC1C09423D6B3320027CD2B /* Project object */;
			proxyType = 1;
			remoteGlobalIDString = CC90BC0824AA7CD1002CB53F;
			remoteInfo = SAKBase;
		};
/* End PBXContainerItemProxy section */

/* Begin PBXFileReference section */
		CC1F5E3F24BFBDD60062B978 /* Disposable.swift */ = {isa = PBXFileReference; lastKnownFileType = sourcecode.swift; path = Disposable.swift; sourceTree = "<group>"; };
		CC1F5E4124BFD25D0062B978 /* DisposableTests.swift */ = {isa = PBXFileReference; lastKnownFileType = sourcecode.swift; path = DisposableTests.swift; sourceTree = "<group>"; };
		CC1F5E4424C0379B0062B978 /* Point3.swift */ = {isa = PBXFileReference; lastKnownFileType = sourcecode.swift; path = Point3.swift; sourceTree = "<group>"; };
		CC1F5E4624C039F50062B978 /* Point3Tests.swift */ = {isa = PBXFileReference; lastKnownFileType = sourcecode.swift; path = Point3Tests.swift; sourceTree = "<group>"; };
		CC1F5E4B24C0D2800062B978 /* Weakify.swift */ = {isa = PBXFileReference; lastKnownFileType = sourcecode.swift; path = Weakify.swift; sourceTree = "<group>"; };
		CC2ABCFE26743E45003C34B7 /* MutableValueReference.swift */ = {isa = PBXFileReference; fileEncoding = 4; lastKnownFileType = sourcecode.swift; path = MutableValueReference.swift; sourceTree = "<group>"; };
		CC2ABD0026743E46003C34B7 /* MutableArray.swift */ = {isa = PBXFileReference; fileEncoding = 4; lastKnownFileType = sourcecode.swift; path = MutableArray.swift; sourceTree = "<group>"; };
		CC2ABD0426743E5B003C34B7 /* MutableArrayTests.swift */ = {isa = PBXFileReference; fileEncoding = 4; lastKnownFileType = sourcecode.swift; path = MutableArrayTests.swift; sourceTree = "<group>"; };
		CC2ABD0526743E5B003C34B7 /* MutableValueReferenceTests.swift */ = {isa = PBXFileReference; fileEncoding = 4; lastKnownFileType = sourcecode.swift; path = MutableValueReferenceTests.swift; sourceTree = "<group>"; };
		CC2EC25724C0F0E1005FA6E8 /* WeakifyTests.swift */ = {isa = PBXFileReference; lastKnownFileType = sourcecode.swift; path = WeakifyTests.swift; sourceTree = "<group>"; };
		CC2EC25A24C0FA46005FA6E8 /* Strongify.swift */ = {isa = PBXFileReference; lastKnownFileType = sourcecode.swift; path = Strongify.swift; sourceTree = "<group>"; };
		CC2EC25C24C10134005FA6E8 /* UnsafeWeakify.swift */ = {isa = PBXFileReference; lastKnownFileType = sourcecode.swift; path = UnsafeWeakify.swift; sourceTree = "<group>"; };
		CC2EC25E24C1025B005FA6E8 /* StongifyTests.swift */ = {isa = PBXFileReference; lastKnownFileType = sourcecode.swift; path = StongifyTests.swift; sourceTree = "<group>"; };
		CC2EC26024C10341005FA6E8 /* UnsafeWeakifyTests.swift */ = {isa = PBXFileReference; lastKnownFileType = sourcecode.swift; path = UnsafeWeakifyTests.swift; sourceTree = "<group>"; };
		CC8CE535267526A1004D999B /* MutableContainerArray.swift */ = {isa = PBXFileReference; lastKnownFileType = sourcecode.swift; path = MutableContainerArray.swift; sourceTree = "<group>"; };
		CC8CE53726753328004D999B /* Copyable.swift */ = {isa = PBXFileReference; lastKnownFileType = sourcecode.swift; path = Copyable.swift; sourceTree = "<group>"; };
		CC90BC0924AA7CD1002CB53F /* SAKBase.framework */ = {isa = PBXFileReference; explicitFileType = wrapper.framework; includeInIndex = 0; path = SAKBase.framework; sourceTree = BUILT_PRODUCTS_DIR; };
		CC90BC1124AA7CD2002CB53F /* SAKBaseTests.xctest */ = {isa = PBXFileReference; explicitFileType = wrapper.cfbundle; includeInIndex = 0; path = SAKBaseTests.xctest; sourceTree = BUILT_PRODUCTS_DIR; };
		CC90BC3A24AA7D6B002CB53F /* Info.plist */ = {isa = PBXFileReference; fileEncoding = 4; lastKnownFileType = text.plist.xml; path = Info.plist; sourceTree = "<group>"; };
		CCA0A4F624BE2C0F007258BA /* StackTests.swift */ = {isa = PBXFileReference; lastKnownFileType = sourcecode.swift; path = StackTests.swift; sourceTree = "<group>"; };
		CCA0A4F824BE2C40007258BA /* BindingCommandTests.swift */ = {isa = PBXFileReference; lastKnownFileType = sourcecode.swift; path = BindingCommandTests.swift; sourceTree = "<group>"; };
		CCA0A4FA24BE2C6B007258BA /* CommandTests.swift */ = {isa = PBXFileReference; lastKnownFileType = sourcecode.swift; path = CommandTests.swift; sourceTree = "<group>"; };
		CCA0A4FC24BE438F007258BA /* PointTests.swift */ = {isa = PBXFileReference; lastKnownFileType = sourcecode.swift; path = PointTests.swift; sourceTree = "<group>"; };
		CCA2217B259FC236000A0DAA /* README.md */ = {isa = PBXFileReference; fileEncoding = 4; lastKnownFileType = net.daringfireball.markdown; path = README.md; sourceTree = "<group>"; };
		CCA22186259FC246000A0DAA /* PThread_ReadWriteLock.md */ = {isa = PBXFileReference; fileEncoding = 4; lastKnownFileType = net.daringfireball.markdown; path = PThread_ReadWriteLock.md; sourceTree = "<group>"; };
		CCA22187259FC246000A0DAA /* GroupOperation.md */ = {isa = PBXFileReference; fileEncoding = 4; lastKnownFileType = net.daringfireball.markdown; path = GroupOperation.md; sourceTree = "<group>"; };
		CCA22188259FC246000A0DAA /* Stack.md */ = {isa = PBXFileReference; fileEncoding = 4; lastKnownFileType = net.daringfireball.markdown; path = Stack.md; sourceTree = "<group>"; };
		CCA22189259FC246000A0DAA /* Disposable.md */ = {isa = PBXFileReference; fileEncoding = 4; lastKnownFileType = net.daringfireball.markdown; path = Disposable.md; sourceTree = "<group>"; };
		CCA2218A259FC246000A0DAA /* Point.md */ = {isa = PBXFileReference; fileEncoding = 4; lastKnownFileType = net.daringfireball.markdown; path = Point.md; sourceTree = "<group>"; };
		CCA2218B259FC246000A0DAA /* weakify(_:default:_:).md */ = {isa = PBXFileReference; fileEncoding = 4; lastKnownFileType = net.daringfireball.markdown; path = "weakify(_:default:_:).md"; sourceTree = "<group>"; };
		CCA2218C259FC246000A0DAA /* weakify(_:_:).md */ = {isa = PBXFileReference; fileEncoding = 4; lastKnownFileType = net.daringfireball.markdown; path = "weakify(_:_:).md"; sourceTree = "<group>"; };
		CCA2218D259FC246000A0DAA /* DisposeContainer.md */ = {isa = PBXFileReference; fileEncoding = 4; lastKnownFileType = net.daringfireball.markdown; path = DisposeContainer.md; sourceTree = "<group>"; };
		CCA2218E259FC246000A0DAA /* ProgressReporting.md */ = {isa = PBXFileReference; fileEncoding = 4; lastKnownFileType = net.daringfireball.markdown; path = ProgressReporting.md; sourceTree = "<group>"; };
		CCA2218F259FC246000A0DAA /* BindingCommandResponder.md */ = {isa = PBXFileReference; fileEncoding = 4; lastKnownFileType = net.daringfireball.markdown; path = BindingCommandResponder.md; sourceTree = "<group>"; };
		CCA22190259FC246000A0DAA /* Home.md */ = {isa = PBXFileReference; fileEncoding = 4; lastKnownFileType = net.daringfireball.markdown; path = Home.md; sourceTree = "<group>"; };
		CCA22191259FC246000A0DAA /* Command.md */ = {isa = PBXFileReference; fileEncoding = 4; lastKnownFileType = net.daringfireball.markdown; path = Command.md; sourceTree = "<group>"; };
		CCA22192259FC246000A0DAA /* strongify(_:_:).md */ = {isa = PBXFileReference; fileEncoding = 4; lastKnownFileType = net.daringfireball.markdown; path = "strongify(_:_:).md"; sourceTree = "<group>"; };
		CCA22193259FC246000A0DAA /* unsafeWeakify(_:_:).md */ = {isa = PBXFileReference; fileEncoding = 4; lastKnownFileType = net.daringfireball.markdown; path = "unsafeWeakify(_:_:).md"; sourceTree = "<group>"; };
		CCA22194259FC246000A0DAA /* BindingCommand.md */ = {isa = PBXFileReference; fileEncoding = 4; lastKnownFileType = net.daringfireball.markdown; path = BindingCommand.md; sourceTree = "<group>"; };
		CCA22195259FC246000A0DAA /* _Sidebar.md */ = {isa = PBXFileReference; fileEncoding = 4; lastKnownFileType = net.daringfireball.markdown; path = _Sidebar.md; sourceTree = "<group>"; };
		CCA22196259FC246000A0DAA /* Event.md */ = {isa = PBXFileReference; fileEncoding = 4; lastKnownFileType = net.daringfireball.markdown; path = Event.md; sourceTree = "<group>"; };
		CCA22197259FC246000A0DAA /* AsyncOperation.md */ = {isa = PBXFileReference; fileEncoding = 4; lastKnownFileType = net.daringfireball.markdown; path = AsyncOperation.md; sourceTree = "<group>"; };
		CCA22198259FC246000A0DAA /* EquivalentIntegerSize.md */ = {isa = PBXFileReference; fileEncoding = 4; lastKnownFileType = net.daringfireball.markdown; path = EquivalentIntegerSize.md; sourceTree = "<group>"; };
		CCA22199259FC246000A0DAA /* Point3.md */ = {isa = PBXFileReference; fileEncoding = 4; lastKnownFileType = net.daringfireball.markdown; path = Point3.md; sourceTree = "<group>"; };
		CCA2219A259FC246000A0DAA /* _Footer.md */ = {isa = PBXFileReference; fileEncoding = 4; lastKnownFileType = net.daringfireball.markdown; path = _Footer.md; sourceTree = "<group>"; };
		CCA2219B259FC246000A0DAA /* PThread.md */ = {isa = PBXFileReference; fileEncoding = 4; lastKnownFileType = net.daringfireball.markdown; path = PThread.md; sourceTree = "<group>"; };
		CCC1C0AA23D6B3550027CD2B /* BindingCommand.swift */ = {isa = PBXFileReference; fileEncoding = 4; lastKnownFileType = sourcecode.swift; path = BindingCommand.swift; sourceTree = "<group>"; };
		CCC1C0AB23D6B3550027CD2B /* Stack.swift */ = {isa = PBXFileReference; fileEncoding = 4; lastKnownFileType = sourcecode.swift; path = Stack.swift; sourceTree = "<group>"; };
		CCC1C0AD23D6B3550027CD2B /* Event.swift */ = {isa = PBXFileReference; fileEncoding = 4; lastKnownFileType = sourcecode.swift; path = Event.swift; sourceTree = "<group>"; };
		CCC1C0AF23D6B3550027CD2B /* Command.swift */ = {isa = PBXFileReference; fileEncoding = 4; lastKnownFileType = sourcecode.swift; path = Command.swift; sourceTree = "<group>"; };
		CCC1C0B023D6B3550027CD2B /* Point.swift */ = {isa = PBXFileReference; fileEncoding = 4; lastKnownFileType = sourcecode.swift; path = Point.swift; sourceTree = "<group>"; };
		CCC1C0B223D6B3550027CD2B /* ProgressReporting.swift */ = {isa = PBXFileReference; fileEncoding = 4; lastKnownFileType = sourcecode.swift; path = ProgressReporting.swift; sourceTree = "<group>"; };
		CCC1C0B423D6B3550027CD2B /* Real+Comparison.swift */ = {isa = PBXFileReference; fileEncoding = 4; lastKnownFileType = sourcecode.swift; path = "Real+Comparison.swift"; sourceTree = "<group>"; };
		CCC1C0B623D6B3550027CD2B /* Lock.swift */ = {isa = PBXFileReference; fileEncoding = 4; lastKnownFileType = sourcecode.swift; path = Lock.swift; sourceTree = "<group>"; };
		CCC1C0B723D6B3550027CD2B /* GroupOperation.swift */ = {isa = PBXFileReference; fileEncoding = 4; lastKnownFileType = sourcecode.swift; path = GroupOperation.swift; sourceTree = "<group>"; };
		CCC1C0B823D6B3550027CD2B /* AsyncOperation.swift */ = {isa = PBXFileReference; fileEncoding = 4; lastKnownFileType = sourcecode.swift; path = AsyncOperation.swift; sourceTree = "<group>"; };
		CCC1C0B923D6B3550027CD2B /* PThread.swift */ = {isa = PBXFileReference; fileEncoding = 4; lastKnownFileType = sourcecode.swift; path = PThread.swift; sourceTree = "<group>"; };
		CCC1C0BB23D6B3550027CD2B /* Array.swift */ = {isa = PBXFileReference; fileEncoding = 4; lastKnownFileType = sourcecode.swift; path = Array.swift; sourceTree = "<group>"; };
		CCC1C0BC23D6B3550027CD2B /* String.swift */ = {isa = PBXFileReference; fileEncoding = 4; lastKnownFileType = sourcecode.swift; path = String.swift; sourceTree = "<group>"; };
		CCC1C0BD23D6B3550027CD2B /* Optional.swift */ = {isa = PBXFileReference; fileEncoding = 4; lastKnownFileType = sourcecode.swift; path = Optional.swift; sourceTree = "<group>"; };
		CCC1C0D223D6B3860027CD2B /* RealComparisonTests.swift */ = {isa = PBXFileReference; fileEncoding = 4; lastKnownFileType = sourcecode.swift; path = RealComparisonTests.swift; sourceTree = "<group>"; };
		CCC1C0D423D6B3860027CD2B /* EventTests.swift */ = {isa = PBXFileReference; fileEncoding = 4; lastKnownFileType = sourcecode.swift; path = EventTests.swift; sourceTree = "<group>"; };
		CCC1C0E323D6B45E0027CD2B /* Info.plist */ = {isa = PBXFileReference; lastKnownFileType = text.plist.xml; path = Info.plist; sourceTree = "<group>"; };
		CCC1C0EE23D6CB3F0027CD2B /* Concurrency.swift */ = {isa = PBXFileReference; lastKnownFileType = sourcecode.swift; path = Concurrency.swift; sourceTree = "<group>"; };
/* End PBXFileReference section */

/* Begin PBXFrameworksBuildPhase section */
		CC90BC0624AA7CD1002CB53F /* Frameworks */ = {
			isa = PBXFrameworksBuildPhase;
			buildActionMask = 2147483647;
			files = (
				CCA0A50024BE5856007258BA /* RealModule in Frameworks */,
			);
			runOnlyForDeploymentPostprocessing = 0;
		};
		CC90BC0E24AA7CD2002CB53F /* Frameworks */ = {
			isa = PBXFrameworksBuildPhase;
			buildActionMask = 2147483647;
			files = (
				CC90BC1224AA7CD2002CB53F /* SAKBase.framework in Frameworks */,
			);
			runOnlyForDeploymentPostprocessing = 0;
		};
/* End PBXFrameworksBuildPhase section */

/* Begin PBXGroup section */
		CC1F5E4A24C0D1BB0062B978 /* Adapters */ = {
			isa = PBXGroup;
			children = (
				CC1F5E4B24C0D2800062B978 /* Weakify.swift */,
				CC2EC25A24C0FA46005FA6E8 /* Strongify.swift */,
				CC2EC25C24C10134005FA6E8 /* UnsafeWeakify.swift */,
			);
			path = Adapters;
			sourceTree = "<group>";
		};
		CC2ABCFD26743E22003C34B7 /* Collections */ = {
			isa = PBXGroup;
			children = (
				CC2ABD0026743E46003C34B7 /* MutableArray.swift */,
				CC8CE535267526A1004D999B /* MutableContainerArray.swift */,
				CC2ABCFE26743E45003C34B7 /* MutableValueReference.swift */,
				CC8CE53726753328004D999B /* Copyable.swift */,
			);
			path = Collections;
			sourceTree = "<group>";
		};
		CC2ABD0826743E63003C34B7 /* Collections */ = {
			isa = PBXGroup;
			children = (
				CC2ABD0426743E5B003C34B7 /* MutableArrayTests.swift */,
				CC2ABD0526743E5B003C34B7 /* MutableValueReferenceTests.swift */,
			);
			path = Collections;
			sourceTree = "<group>";
		};
		CC2EC25924C0F0E6005FA6E8 /* Adapters */ = {
			isa = PBXGroup;
			children = (
				CC2EC25724C0F0E1005FA6E8 /* WeakifyTests.swift */,
				CC2EC25E24C1025B005FA6E8 /* StongifyTests.swift */,
				CC2EC26024C10341005FA6E8 /* UnsafeWeakifyTests.swift */,
			);
			path = Adapters;
			sourceTree = "<group>";
		};
		CCA0A4F124BE2B68007258BA /* Math */ = {
			isa = PBXGroup;
			children = (
				CCC1C0D223D6B3860027CD2B /* RealComparisonTests.swift */,
			);
			path = Math;
			sourceTree = "<group>";
		};
		CCA0A4F224BE2B9A007258BA /* BaseTypes */ = {
			isa = PBXGroup;
			children = (
				CCC1C0D423D6B3860027CD2B /* EventTests.swift */,
				CC1F5E4124BFD25D0062B978 /* DisposableTests.swift */,
				CCA0A4FA24BE2C6B007258BA /* CommandTests.swift */,
				CCA0A4F624BE2C0F007258BA /* StackTests.swift */,
				CCA0A4F824BE2C40007258BA /* BindingCommandTests.swift */,
				CC1F5E4624C039F50062B978 /* Point3Tests.swift */,
				CCA0A4FC24BE438F007258BA /* PointTests.swift */,
			);
			path = BaseTypes;
			sourceTree = "<group>";
		};
		CCA0A4F324BE2BA5007258BA /* Concurrency */ = {
			isa = PBXGroup;
			children = (
				CCC1C0EE23D6CB3F0027CD2B /* Concurrency.swift */,
			);
			path = Concurrency;
			sourceTree = "<group>";
		};
		CCA22185259FC246000A0DAA /* Documentation */ = {
			isa = PBXGroup;
			children = (
				CCA22186259FC246000A0DAA /* PThread_ReadWriteLock.md */,
				CCA22187259FC246000A0DAA /* GroupOperation.md */,
				CCA22188259FC246000A0DAA /* Stack.md */,
				CCA22189259FC246000A0DAA /* Disposable.md */,
				CCA2218A259FC246000A0DAA /* Point.md */,
				CCA2218B259FC246000A0DAA /* weakify(_:default:_:).md */,
				CCA2218C259FC246000A0DAA /* weakify(_:_:).md */,
				CCA2218D259FC246000A0DAA /* DisposeContainer.md */,
				CCA2218E259FC246000A0DAA /* ProgressReporting.md */,
				CCA2218F259FC246000A0DAA /* BindingCommandResponder.md */,
				CCA22190259FC246000A0DAA /* Home.md */,
				CCA22191259FC246000A0DAA /* Command.md */,
				CCA22192259FC246000A0DAA /* strongify(_:_:).md */,
				CCA22193259FC246000A0DAA /* unsafeWeakify(_:_:).md */,
				CCA22194259FC246000A0DAA /* BindingCommand.md */,
				CCA22195259FC246000A0DAA /* _Sidebar.md */,
				CCA22196259FC246000A0DAA /* Event.md */,
				CCA22197259FC246000A0DAA /* AsyncOperation.md */,
				CCA22198259FC246000A0DAA /* EquivalentIntegerSize.md */,
				CCA22199259FC246000A0DAA /* Point3.md */,
				CCA2219A259FC246000A0DAA /* _Footer.md */,
				CCA2219B259FC246000A0DAA /* PThread.md */,
			);
			path = Documentation;
			sourceTree = "<group>";
		};
		CCC1C09323D6B3320027CD2B = {
			isa = PBXGroup;
			children = (
				CCA2217B259FC236000A0DAA /* README.md */,
				CCA22185259FC246000A0DAA /* Documentation */,
				CCC1C0A823D6B3550027CD2B /* Sources */,
				CCE7642324AA7802002F2863 /* Tests */,
				CCC1C09E23D6B3320027CD2B /* Products */,
			);
			sourceTree = "<group>";
		};
		CCC1C09E23D6B3320027CD2B /* Products */ = {
			isa = PBXGroup;
			children = (
				CC90BC0924AA7CD1002CB53F /* SAKBase.framework */,
				CC90BC1124AA7CD2002CB53F /* SAKBaseTests.xctest */,
			);
			name = Products;
			sourceTree = "<group>";
		};
		CCC1C0A823D6B3550027CD2B /* Sources */ = {
			isa = PBXGroup;
			children = (
				CC90BC3A24AA7D6B002CB53F /* Info.plist */,
				CCE7642224AA77C7002F2863 /* SAKBase */,
			);
			path = Sources;
			sourceTree = "<group>";
		};
		CCC1C0A923D6B3550027CD2B /* BaseTypes */ = {
			isa = PBXGroup;
			children = (
				CCC1C0AA23D6B3550027CD2B /* BindingCommand.swift */,
				CCC1C0AB23D6B3550027CD2B /* Stack.swift */,
				CCC1C0AD23D6B3550027CD2B /* Event.swift */,
				CCC1C0AF23D6B3550027CD2B /* Command.swift */,
				CCC1C0B023D6B3550027CD2B /* Point.swift */,
				CC1F5E4424C0379B0062B978 /* Point3.swift */,
				CC1F5E3F24BFBDD60062B978 /* Disposable.swift */,
			);
			path = BaseTypes;
			sourceTree = "<group>";
		};
		CCC1C0B123D6B3550027CD2B /* NSSwift */ = {
			isa = PBXGroup;
			children = (
				CCC1C0B223D6B3550027CD2B /* ProgressReporting.swift */,
			);
			path = NSSwift;
			sourceTree = "<group>";
		};
		CCC1C0B323D6B3550027CD2B /* Math */ = {
			isa = PBXGroup;
			children = (
				CCC1C0B423D6B3550027CD2B /* Real+Comparison.swift */,
			);
			path = Math;
			sourceTree = "<group>";
		};
		CCC1C0B523D6B3550027CD2B /* Concurrency */ = {
			isa = PBXGroup;
			children = (
				CCC1C0B623D6B3550027CD2B /* Lock.swift */,
				CCC1C0B723D6B3550027CD2B /* GroupOperation.swift */,
				CCC1C0B823D6B3550027CD2B /* AsyncOperation.swift */,
				CCC1C0B923D6B3550027CD2B /* PThread.swift */,
			);
			path = Concurrency;
			sourceTree = "<group>";
		};
		CCC1C0BA23D6B3550027CD2B /* Swift */ = {
			isa = PBXGroup;
			children = (
				CCC1C0BB23D6B3550027CD2B /* Array.swift */,
				CCC1C0BC23D6B3550027CD2B /* String.swift */,
				CCC1C0BD23D6B3550027CD2B /* Optional.swift */,
			);
			path = Swift;
			sourceTree = "<group>";
		};
		CCC1C0D123D6B3860027CD2B /* SAKBaseTests */ = {
			isa = PBXGroup;
			children = (
				CC2ABD0826743E63003C34B7 /* Collections */,
				CC2EC25924C0F0E6005FA6E8 /* Adapters */,
				CCA0A4F124BE2B68007258BA /* Math */,
				CCA0A4F224BE2B9A007258BA /* BaseTypes */,
				CCA0A4F324BE2BA5007258BA /* Concurrency */,
			);
			path = SAKBaseTests;
			sourceTree = "<group>";
		};
		CCE7642224AA77C7002F2863 /* SAKBase */ = {
			isa = PBXGroup;
			children = (
				CC2ABCFD26743E22003C34B7 /* Collections */,
				CC1F5E4A24C0D1BB0062B978 /* Adapters */,
				CCC1C0A923D6B3550027CD2B /* BaseTypes */,
				CCC1C0B123D6B3550027CD2B /* NSSwift */,
				CCC1C0B323D6B3550027CD2B /* Math */,
				CCC1C0B523D6B3550027CD2B /* Concurrency */,
				CCC1C0BA23D6B3550027CD2B /* Swift */,
			);
			path = SAKBase;
			sourceTree = "<group>";
		};
		CCE7642324AA7802002F2863 /* Tests */ = {
			isa = PBXGroup;
			children = (
				CCC1C0D123D6B3860027CD2B /* SAKBaseTests */,
				CCC1C0E323D6B45E0027CD2B /* Info.plist */,
			);
			path = Tests;
			sourceTree = "<group>";
		};
/* End PBXGroup section */

/* Begin PBXHeadersBuildPhase section */
		CC90BC0424AA7CD1002CB53F /* Headers */ = {
			isa = PBXHeadersBuildPhase;
			buildActionMask = 2147483647;
			files = (
			);
			runOnlyForDeploymentPostprocessing = 0;
		};
/* End PBXHeadersBuildPhase section */

/* Begin PBXNativeTarget section */
		CC90BC0824AA7CD1002CB53F /* SAKBase */ = {
			isa = PBXNativeTarget;
			buildConfigurationList = CC90BC1A24AA7CD2002CB53F /* Build configuration list for PBXNativeTarget "SAKBase" */;
			buildPhases = (
				CC90BC0424AA7CD1002CB53F /* Headers */,
				CC90BC0524AA7CD1002CB53F /* Sources */,
				CC1F5E4924C0B90B0062B978 /* Swift-Lint */,
				CC90BC0624AA7CD1002CB53F /* Frameworks */,
				CC90BC0724AA7CD1002CB53F /* Resources */,
			);
			buildRules = (
			);
			dependencies = (
			);
			name = SAKBase;
			packageProductDependencies = (
				CCA0A4FF24BE5856007258BA /* RealModule */,
			);
			productName = SAKBase;
			productReference = CC90BC0924AA7CD1002CB53F /* SAKBase.framework */;
			productType = "com.apple.product-type.framework";
		};
		CC90BC1024AA7CD2002CB53F /* SAKBaseTests */ = {
			isa = PBXNativeTarget;
			buildConfigurationList = CC90BC1D24AA7CD2002CB53F /* Build configuration list for PBXNativeTarget "SAKBaseTests" */;
			buildPhases = (
				CC90BC0D24AA7CD2002CB53F /* Sources */,
				CC90BC0E24AA7CD2002CB53F /* Frameworks */,
				CC90BC0F24AA7CD2002CB53F /* Resources */,
			);
			buildRules = (
			);
			dependencies = (
				CC90BC1424AA7CD2002CB53F /* PBXTargetDependency */,
			);
			name = SAKBaseTests;
			productName = SAKBaseTests;
			productReference = CC90BC1124AA7CD2002CB53F /* SAKBaseTests.xctest */;
			productType = "com.apple.product-type.bundle.unit-test";
		};
/* End PBXNativeTarget section */

/* Begin PBXProject section */
		CCC1C09423D6B3320027CD2B /* Project object */ = {
			isa = PBXProject;
			attributes = {
				LastSwiftUpdateCheck = 1200;
				LastUpgradeCheck = 1200;
				ORGANIZATIONNAME = "Stephen Kac";
				TargetAttributes = {
					CC90BC0824AA7CD1002CB53F = {
						CreatedOnToolsVersion = 12.0;
					};
					CC90BC1024AA7CD2002CB53F = {
						CreatedOnToolsVersion = 12.0;
					};
				};
			};
			buildConfigurationList = CCC1C09723D6B3320027CD2B /* Build configuration list for PBXProject "SAKBase" */;
			compatibilityVersion = "Xcode 9.3";
			developmentRegion = en;
			hasScannedForEncodings = 0;
			knownRegions = (
				en,
				Base,
			);
			mainGroup = CCC1C09323D6B3320027CD2B;
			packageReferences = (
				CCA0A4FE24BE5856007258BA /* XCRemoteSwiftPackageReference "swift-numerics" */,
			);
			productRefGroup = CCC1C09E23D6B3320027CD2B /* Products */;
			projectDirPath = "";
			projectRoot = "";
			targets = (
				CC90BC0824AA7CD1002CB53F /* SAKBase */,
				CC90BC1024AA7CD2002CB53F /* SAKBaseTests */,
			);
		};
/* End PBXProject section */

/* Begin PBXResourcesBuildPhase section */
		CC90BC0724AA7CD1002CB53F /* Resources */ = {
			isa = PBXResourcesBuildPhase;
			buildActionMask = 2147483647;
			files = (
			);
			runOnlyForDeploymentPostprocessing = 0;
		};
		CC90BC0F24AA7CD2002CB53F /* Resources */ = {
			isa = PBXResourcesBuildPhase;
			buildActionMask = 2147483647;
			files = (
			);
			runOnlyForDeploymentPostprocessing = 0;
		};
/* End PBXResourcesBuildPhase section */

/* Begin PBXShellScriptBuildPhase section */
		CC1F5E4924C0B90B0062B978 /* Swift-Lint */ = {
			isa = PBXShellScriptBuildPhase;
			buildActionMask = 2147483647;
			files = (
			);
			inputFileListPaths = (
			);
			inputPaths = (
			);
			name = "Swift-Lint";
			outputFileListPaths = (
			);
			outputPaths = (
			);
			runOnlyForDeploymentPostprocessing = 0;
			shellPath = /bin/sh;
			shellScript = "if which swiftlint >/dev/null; then\n  swiftlint\nelse\n  echo \"warning: SwiftLint not installed, download from https://github.com/realm/SwiftLint\"\nfi\n";
		};
/* End PBXShellScriptBuildPhase section */

/* Begin PBXSourcesBuildPhase section */
		CC90BC0524AA7CD1002CB53F /* Sources */ = {
			isa = PBXSourcesBuildPhase;
			buildActionMask = 2147483647;
			files = (
				CC90BC2724AA7CE7002CB53F /* Stack.swift in Sources */,
				CC1F5E4C24C0D2800062B978 /* Weakify.swift in Sources */,
				CC1F5E4024BFBDD60062B978 /* Disposable.swift in Sources */,
				CC90BC2B24AA7CEC002CB53F /* ProgressReporting.swift in Sources */,
				CC2EC25D24C10134005FA6E8 /* UnsafeWeakify.swift in Sources */,
				CC90BC2524AA7CE7002CB53F /* Point.swift in Sources */,
				CC2EC25B24C0FA46005FA6E8 /* Strongify.swift in Sources */,
				CC1F5E4524C0379B0062B978 /* Point3.swift in Sources */,
				CC90BC3124AA7CF7002CB53F /* String.swift in Sources */,
				CC90BC2E24AA7CF4002CB53F /* PThread.swift in Sources */,
				CC90BC3224AA7CF7002CB53F /* Array.swift in Sources */,
				CC90BC2A24AA7CE7002CB53F /* BindingCommand.swift in Sources */,
				CC90BC2824AA7CE7002CB53F /* Command.swift in Sources */,
				CC8CE536267526A1004D999B /* MutableContainerArray.swift in Sources */,
				CC90BC3024AA7CF4002CB53F /* Lock.swift in Sources */,
				CC8CE53826753328004D999B /* Copyable.swift in Sources */,
				CC90BC2924AA7CE7002CB53F /* Event.swift in Sources */,
				CC90BC2C24AA7CEF002CB53F /* Real+Comparison.swift in Sources */,
				CC2ABD0126743E46003C34B7 /* MutableValueReference.swift in Sources */,
				CC90BC2F24AA7CF4002CB53F /* AsyncOperation.swift in Sources */,
				CC90BC2D24AA7CF4002CB53F /* GroupOperation.swift in Sources */,
				CC2ABD0326743E46003C34B7 /* MutableArray.swift in Sources */,
				CC90BC3324AA7CF7002CB53F /* Optional.swift in Sources */,
			);
			runOnlyForDeploymentPostprocessing = 0;
		};
		CC90BC0D24AA7CD2002CB53F /* Sources */ = {
			isa = PBXSourcesBuildPhase;
			buildActionMask = 2147483647;
			files = (
				CC2EC25F24C1025B005FA6E8 /* StongifyTests.swift in Sources */,
				CCA0A4FD24BE438F007258BA /* PointTests.swift in Sources */,
				CC2ABD0926743ED5003C34B7 /* MutableValueReferenceTests.swift in Sources */,
				CC1F5E4324BFD2640062B978 /* DisposableTests.swift in Sources */,
				CC2ABD0A26743ED8003C34B7 /* MutableArrayTests.swift in Sources */,
				CC90BC2124AA7CE2002CB53F /* EventTests.swift in Sources */,
				CC90BC2224AA7CE2002CB53F /* Concurrency.swift in Sources */,
				CC90BC2024AA7CE2002CB53F /* RealComparisonTests.swift in Sources */,
				CCA0A4F724BE2C0F007258BA /* StackTests.swift in Sources */,
				CCA0A4F924BE2C40007258BA /* BindingCommandTests.swift in Sources */,
				CC2EC26124C10341005FA6E8 /* UnsafeWeakifyTests.swift in Sources */,
				CC1F5E4824C0B7FB0062B978 /* Point3Tests.swift in Sources */,
				CC2EC25824C0F0E1005FA6E8 /* WeakifyTests.swift in Sources */,
				CCA0A4FB24BE2C6B007258BA /* CommandTests.swift in Sources */,
			);
			runOnlyForDeploymentPostprocessing = 0;
		};
/* End PBXSourcesBuildPhase section */

/* Begin PBXTargetDependency section */
		CC90BC1424AA7CD2002CB53F /* PBXTargetDependency */ = {
			isa = PBXTargetDependency;
			target = CC90BC0824AA7CD1002CB53F /* SAKBase */;
			targetProxy = CC90BC1324AA7CD2002CB53F /* PBXContainerItemProxy */;
		};
/* End PBXTargetDependency section */

/* Begin XCBuildConfiguration section */
		CC90BC1B24AA7CD2002CB53F /* Debug */ = {
			isa = XCBuildConfiguration;
			buildSettings = {
				CODE_SIGN_STYLE = Automatic;
				CURRENT_PROJECT_VERSION = 1;
				DEFINES_MODULE = YES;
				DEVELOPMENT_TEAM = N3S44ULQD4;
				DYLIB_COMPATIBILITY_VERSION = 1;
				DYLIB_CURRENT_VERSION = 1;
				DYLIB_INSTALL_NAME_BASE = "@rpath";
				INFOPLIST_FILE = Sources/Info.plist;
				INSTALL_PATH = "$(LOCAL_LIBRARY_DIR)/Frameworks";
				LD_RUNPATH_SEARCH_PATHS = (
					"$(inherited)",
					"@executable_path/Frameworks",
					"@loader_path/Frameworks",
				);
				MARKETING_VERSION = 0.0.2;
				PRODUCT_BUNDLE_IDENTIFIER = "com.Stephen-Kac.SAKBase";
				PRODUCT_NAME = "$(TARGET_NAME:c99extidentifier)";
				SDKROOT = iphoneos;
				SKIP_INSTALL = YES;
				SWIFT_VERSION = 5.0;
				TARGETED_DEVICE_FAMILY = "1,2,6";
			};
			name = Debug;
		};
		CC90BC1C24AA7CD2002CB53F /* Release */ = {
			isa = XCBuildConfiguration;
			buildSettings = {
				CODE_SIGN_STYLE = Automatic;
				CURRENT_PROJECT_VERSION = 1;
				DEFINES_MODULE = YES;
				DEVELOPMENT_TEAM = N3S44ULQD4;
				DYLIB_COMPATIBILITY_VERSION = 1;
				DYLIB_CURRENT_VERSION = 1;
				DYLIB_INSTALL_NAME_BASE = "@rpath";
				INFOPLIST_FILE = Sources/Info.plist;
				INSTALL_PATH = "$(LOCAL_LIBRARY_DIR)/Frameworks";
				LD_RUNPATH_SEARCH_PATHS = (
					"$(inherited)",
					"@executable_path/Frameworks",
					"@loader_path/Frameworks",
				);
				MARKETING_VERSION = 0.0.2;
				PRODUCT_BUNDLE_IDENTIFIER = "com.Stephen-Kac.SAKBase";
				PRODUCT_NAME = "$(TARGET_NAME:c99extidentifier)";
				SDKROOT = iphoneos;
				SKIP_INSTALL = YES;
				SWIFT_VERSION = 5.0;
				TARGETED_DEVICE_FAMILY = "1,2,6";
				VALIDATE_PRODUCT = YES;
			};
			name = Release;
		};
		CC90BC1E24AA7CD2002CB53F /* Debug */ = {
			isa = XCBuildConfiguration;
			buildSettings = {
				ALWAYS_EMBED_SWIFT_STANDARD_LIBRARIES = YES;
				CODE_SIGN_STYLE = Automatic;
				DEVELOPMENT_TEAM = N3S44ULQD4;
				INFOPLIST_FILE = Tests/Info.plist;
				LD_RUNPATH_SEARCH_PATHS = (
					"$(inherited)",
					"@executable_path/Frameworks",
					"@loader_path/Frameworks",
				);
				PRODUCT_BUNDLE_IDENTIFIER = "com.Stephen-Kac.SAKBaseTests";
				PRODUCT_NAME = "$(TARGET_NAME)";
				SDKROOT = iphoneos;
				SWIFT_VERSION = 5.0;
				TARGETED_DEVICE_FAMILY = "1,2,6";
			};
			name = Debug;
		};
		CC90BC1F24AA7CD2002CB53F /* Release */ = {
			isa = XCBuildConfiguration;
			buildSettings = {
				ALWAYS_EMBED_SWIFT_STANDARD_LIBRARIES = YES;
				CODE_SIGN_STYLE = Automatic;
				DEVELOPMENT_TEAM = N3S44ULQD4;
				INFOPLIST_FILE = Tests/Info.plist;
				LD_RUNPATH_SEARCH_PATHS = (
					"$(inherited)",
					"@executable_path/Frameworks",
					"@loader_path/Frameworks",
				);
				PRODUCT_BUNDLE_IDENTIFIER = "com.Stephen-Kac.SAKBaseTests";
				PRODUCT_NAME = "$(TARGET_NAME)";
				SDKROOT = iphoneos;
				SWIFT_VERSION = 5.0;
				TARGETED_DEVICE_FAMILY = "1,2,6";
				VALIDATE_PRODUCT = YES;
			};
			name = Release;
		};
		CCC1C0A323D6B3320027CD2B /* Debug */ = {
			isa = XCBuildConfiguration;
			buildSettings = {
				ALWAYS_SEARCH_USER_PATHS = NO;
				CLANG_ANALYZER_NONNULL = YES;
				CLANG_ANALYZER_NUMBER_OBJECT_CONVERSION = YES_AGGRESSIVE;
				CLANG_CXX_LANGUAGE_STANDARD = "gnu++14";
				CLANG_CXX_LIBRARY = "libc++";
				CLANG_ENABLE_MODULES = YES;
				CLANG_ENABLE_OBJC_ARC = YES;
				CLANG_ENABLE_OBJC_WEAK = YES;
				CLANG_WARN_BLOCK_CAPTURE_AUTORELEASING = YES;
				CLANG_WARN_BOOL_CONVERSION = YES;
				CLANG_WARN_COMMA = YES;
				CLANG_WARN_CONSTANT_CONVERSION = YES;
				CLANG_WARN_DEPRECATED_OBJC_IMPLEMENTATIONS = YES;
				CLANG_WARN_DIRECT_OBJC_ISA_USAGE = YES_ERROR;
				CLANG_WARN_DOCUMENTATION_COMMENTS = YES;
				CLANG_WARN_EMPTY_BODY = YES;
				CLANG_WARN_ENUM_CONVERSION = YES;
				CLANG_WARN_INFINITE_RECURSION = YES;
				CLANG_WARN_INT_CONVERSION = YES;
				CLANG_WARN_NON_LITERAL_NULL_CONVERSION = YES;
				CLANG_WARN_OBJC_IMPLICIT_RETAIN_SELF = YES;
				CLANG_WARN_OBJC_LITERAL_CONVERSION = YES;
				CLANG_WARN_OBJC_ROOT_CLASS = YES_ERROR;
				CLANG_WARN_QUOTED_INCLUDE_IN_FRAMEWORK_HEADER = YES;
				CLANG_WARN_RANGE_LOOP_ANALYSIS = YES;
				CLANG_WARN_STRICT_PROTOTYPES = YES;
				CLANG_WARN_SUSPICIOUS_MOVE = YES;
				CLANG_WARN_UNGUARDED_AVAILABILITY = YES_AGGRESSIVE;
				CLANG_WARN_UNREACHABLE_CODE = YES;
				CLANG_WARN__DUPLICATE_METHOD_MATCH = YES;
				COPY_PHASE_STRIP = NO;
				CURRENT_PROJECT_VERSION = 1;
				DEBUG_INFORMATION_FORMAT = dwarf;
				ENABLE_STRICT_OBJC_MSGSEND = YES;
				ENABLE_TESTABILITY = YES;
				GCC_C_LANGUAGE_STANDARD = gnu11;
				GCC_DYNAMIC_NO_PIC = NO;
				GCC_NO_COMMON_BLOCKS = YES;
				GCC_OPTIMIZATION_LEVEL = 0;
				GCC_PREPROCESSOR_DEFINITIONS = (
					"DEBUG=1",
					"$(inherited)",
				);
				GCC_WARN_64_TO_32_BIT_CONVERSION = YES;
				GCC_WARN_ABOUT_RETURN_TYPE = YES_ERROR;
				GCC_WARN_UNDECLARED_SELECTOR = YES;
				GCC_WARN_UNINITIALIZED_AUTOS = YES_AGGRESSIVE;
				GCC_WARN_UNUSED_FUNCTION = YES;
				GCC_WARN_UNUSED_VARIABLE = YES;
				IPHONEOS_DEPLOYMENT_TARGET = 13.0;
				MACOSX_DEPLOYMENT_TARGET = 11.0;
				MTL_ENABLE_DEBUG_INFO = INCLUDE_SOURCE;
				MTL_FAST_MATH = YES;
				ONLY_ACTIVE_ARCH = YES;
				SDKROOT = macosx;
				SUPPORTED_PLATFORMS = "macosx iphoneos appletvos watchos appletvsimulator iphonesimulator watchsimulator";
				SWIFT_ACTIVE_COMPILATION_CONDITIONS = DEBUG;
				SWIFT_OPTIMIZATION_LEVEL = "-Onone";
				TVOS_DEPLOYMENT_TARGET = 14.5;
				VERSIONING_SYSTEM = "apple-generic";
				VERSION_INFO_PREFIX = "";
				WATCHOS_DEPLOYMENT_TARGET = 7.5;
			};
			name = Debug;
		};
		CCC1C0A423D6B3320027CD2B /* Release */ = {
			isa = XCBuildConfiguration;
			buildSettings = {
				ALWAYS_SEARCH_USER_PATHS = NO;
				CLANG_ANALYZER_NONNULL = YES;
				CLANG_ANALYZER_NUMBER_OBJECT_CONVERSION = YES_AGGRESSIVE;
				CLANG_CXX_LANGUAGE_STANDARD = "gnu++14";
				CLANG_CXX_LIBRARY = "libc++";
				CLANG_ENABLE_MODULES = YES;
				CLANG_ENABLE_OBJC_ARC = YES;
				CLANG_ENABLE_OBJC_WEAK = YES;
				CLANG_WARN_BLOCK_CAPTURE_AUTORELEASING = YES;
				CLANG_WARN_BOOL_CONVERSION = YES;
				CLANG_WARN_COMMA = YES;
				CLANG_WARN_CONSTANT_CONVERSION = YES;
				CLANG_WARN_DEPRECATED_OBJC_IMPLEMENTATIONS = YES;
				CLANG_WARN_DIRECT_OBJC_ISA_USAGE = YES_ERROR;
				CLANG_WARN_DOCUMENTATION_COMMENTS = YES;
				CLANG_WARN_EMPTY_BODY = YES;
				CLANG_WARN_ENUM_CONVERSION = YES;
				CLANG_WARN_INFINITE_RECURSION = YES;
				CLANG_WARN_INT_CONVERSION = YES;
				CLANG_WARN_NON_LITERAL_NULL_CONVERSION = YES;
				CLANG_WARN_OBJC_IMPLICIT_RETAIN_SELF = YES;
				CLANG_WARN_OBJC_LITERAL_CONVERSION = YES;
				CLANG_WARN_OBJC_ROOT_CLASS = YES_ERROR;
				CLANG_WARN_QUOTED_INCLUDE_IN_FRAMEWORK_HEADER = YES;
				CLANG_WARN_RANGE_LOOP_ANALYSIS = YES;
				CLANG_WARN_STRICT_PROTOTYPES = YES;
				CLANG_WARN_SUSPICIOUS_MOVE = YES;
				CLANG_WARN_UNGUARDED_AVAILABILITY = YES_AGGRESSIVE;
				CLANG_WARN_UNREACHABLE_CODE = YES;
				CLANG_WARN__DUPLICATE_METHOD_MATCH = YES;
				COPY_PHASE_STRIP = NO;
				CURRENT_PROJECT_VERSION = 1;
				DEBUG_INFORMATION_FORMAT = "dwarf-with-dsym";
				ENABLE_NS_ASSERTIONS = NO;
				ENABLE_STRICT_OBJC_MSGSEND = YES;
				GCC_C_LANGUAGE_STANDARD = gnu11;
				GCC_NO_COMMON_BLOCKS = YES;
				GCC_WARN_64_TO_32_BIT_CONVERSION = YES;
				GCC_WARN_ABOUT_RETURN_TYPE = YES_ERROR;
				GCC_WARN_UNDECLARED_SELECTOR = YES;
				GCC_WARN_UNINITIALIZED_AUTOS = YES_AGGRESSIVE;
				GCC_WARN_UNUSED_FUNCTION = YES;
				GCC_WARN_UNUSED_VARIABLE = YES;
				IPHONEOS_DEPLOYMENT_TARGET = 13.0;
				MACOSX_DEPLOYMENT_TARGET = 11.0;
				MTL_ENABLE_DEBUG_INFO = NO;
				MTL_FAST_MATH = YES;
				SDKROOT = macosx;
				SUPPORTED_PLATFORMS = "macosx iphoneos appletvos watchos appletvsimulator iphonesimulator watchsimulator";
				SWIFT_COMPILATION_MODE = wholemodule;
				SWIFT_OPTIMIZATION_LEVEL = "-O";
				TVOS_DEPLOYMENT_TARGET = 14.5;
				VERSIONING_SYSTEM = "apple-generic";
				VERSION_INFO_PREFIX = "";
				WATCHOS_DEPLOYMENT_TARGET = 7.5;
			};
			name = Release;
		};
/* End XCBuildConfiguration section */

/* Begin XCConfigurationList section */
		CC90BC1A24AA7CD2002CB53F /* Build configuration list for PBXNativeTarget "SAKBase" */ = {
			isa = XCConfigurationList;
			buildConfigurations = (
				CC90BC1B24AA7CD2002CB53F /* Debug */,
				CC90BC1C24AA7CD2002CB53F /* Release */,
			);
			defaultConfigurationIsVisible = 0;
			defaultConfigurationName = Release;
		};
		CC90BC1D24AA7CD2002CB53F /* Build configuration list for PBXNativeTarget "SAKBaseTests" */ = {
			isa = XCConfigurationList;
			buildConfigurations = (
				CC90BC1E24AA7CD2002CB53F /* Debug */,
				CC90BC1F24AA7CD2002CB53F /* Release */,
			);
			defaultConfigurationIsVisible = 0;
			defaultConfigurationName = Release;
		};
		CCC1C09723D6B3320027CD2B /* Build configuration list for PBXProject "SAKBase" */ = {
			isa = XCConfigurationList;
			buildConfigurations = (
				CCC1C0A323D6B3320027CD2B /* Debug */,
				CCC1C0A423D6B3320027CD2B /* Release */,
			);
			defaultConfigurationIsVisible = 0;
			defaultConfigurationName = Release;
		};
/* End XCConfigurationList section */

/* Begin XCRemoteSwiftPackageReference section */
		CCA0A4FE24BE5856007258BA /* XCRemoteSwiftPackageReference "swift-numerics" */ = {
			isa = XCRemoteSwiftPackageReference;
			repositoryURL = "git@github.com:apple/swift-numerics.git";
			requirement = {
				kind = exactVersion;
				version = 0.0.6;
			};
		};
/* End XCRemoteSwiftPackageReference section */

/* Begin XCSwiftPackageProductDependency section */
		CCA0A4FF24BE5856007258BA /* RealModule */ = {
			isa = XCSwiftPackageProductDependency;
			package = CCA0A4FE24BE5856007258BA /* XCRemoteSwiftPackageReference "swift-numerics" */;
			productName = RealModule;
		};
/* End XCSwiftPackageProductDependency section */
	};
	rootObject = CCC1C09423D6B3320027CD2B /* Project object */;
}
